github.com/adlio/trello v0.0.0-20180621142300-8a458717123e h1:i5+hZJx4iTPT4+ojV5zi50UIPUxs7CH8r+P3BFB4Ofs=
github.com/adlio/trello v0.0.0-20180621142300-8a458717123e/go.mod h1:VjzhFGdnEJGih1AsIWi/yU6y01yZh0DuEWCNAyOJ1WE=
github.com/davecgh/go-spew v1.1.1 h1:vj9j/u1bqnvCEfJOwUhtlOARqs3+rkHYY13jYWTU97c=
github.com/davecgh/go-spew v1.1.1/go.mod h1:J7Y8YcW2NihsgmVo/mv3lAwl/skON4iLHjSsI+c5H38=
github.com/gorilla/websocket v1.3.0 h1:r/LXc0VJIMd0rCMsc6DxgczaQtoCwCLatnfXmSYcXx8=
github.com/gorilla/websocket v1.3.0/go.mod h1:E7qHFY5m1UJ88s3WnNqhKjPHQ0heANvMoAMk2YaljkQ=
github.com/gorilla/websocket v1.4.0 h1:WDFjx/TMzVgy9VdMMQi2K2Emtwi2QcUQsztZ/zLaH/Q=
github.com/gorilla/websocket v1.4.0/go.mod h1:E7qHFY5m1UJ88s3WnNqhKjPHQ0heANvMoAMk2YaljkQ=
github.com/lusis/slack-test v0.0.0-20180109053238-3c758769bfa6 h1:iOAVXzZyXtW408TMYejlUPo6BIn92HmOacWtIfNyYns=
github.com/lusis/slack-test v0.0.0-20180109053238-3c758769bfa6/go.mod h1:sFlOUpQL1YcjhFVXhg1CG8ZASEs/Mf1oVb6H75JL/zg=
github.com/nlopes/slack v0.3.0 h1:jCxvaS8wC4Bb1jnbqZMjCDkOOgy4spvQWcrw/TF0L0E=
github.com/nlopes/slack v0.3.0/go.mod h1:jVI4BBK3lSktibKahxBF74txcK2vyvkza1z/+rRnVAM=
github.com/pkg/errors v0.8.0 h1:WdK/asTD0HN+q6hsWO3/vpuAkAr+tw6aNJNDFFf0+qw=
github.com/pkg/errors v0.8.0/go.mod h1:bwawxfHBFNV+L2hUp1rHADufV3IMtnDRdf1r5NINEl0=
github.com/pmezard/go-difflib v1.0.0 h1:4DBwDE0NGyQoBHbLQYPwSUPoCMWR5BEzIk/f1lZbAQM=
github.com/pmezard/go-difflib v1.0.0/go.mod h1:iKH77koFhYxTK1pcRnkKkqfTogsbg7gZNVY4sRDYZ/4=
github.com/stretchr/objx v0.1.1 h1:2vfRuCMp5sSVIDSqO8oNnWJq7mPa6KVP3iPIwFBuy8A=
github.com/stretchr/objx v0.1.1/go.mod h1:HFkY916IF+rwdDfMAkV7OtwuqBVzrE8GR6GFx+wExME=
github.com/stretchr/testify v1.2.2 h1:bSDNvY7ZPG5RlJ8otE/7V6gMiyenm9RtJ7IUVIAoJ1w=
github.com/stretchr/testify v1.2.2/go.mod h1:a8OnRcib4nhh0OaRAV+Yts87kKdq0PP7pXfy6kDkUVs=
github.com/vektra/mockery v0.0.0-20180815001236-ea265755d541 h1:Ou5sd/oSrXE5QqNlp85E1d1GFDquJ4Vsmc3Hqpr4IF8=
github.com/vektra/mockery v0.0.0-20180815001236-ea265755d541/go.mod h1:3LHOhl7yhnq4Wov6IXX3laolKx4NiYRqPgER/wSC2TQ=
golang.org/x/tools v0.0.0-20180910044924-becf93d7cfc6 h1:Ig/pzltDl0jPfRbJ/j4TWQWgpwPSMNXEA/t8nG0Vx18=
golang.org/x/tools v0.0.0-20180910044924-becf93d7cfc6/go.mod h1:n7NCudcB/nEzxVGmLbDWY5pfWTLqBcC2KZ6jyYvM4mQ=
